
Microsoft Visual Studio Solution File, Format Version 12.00
# Visual Studio Version 16
VisualStudioVersion = 16.0.30204.135
MinimumVisualStudioVersion = 10.0.40219.1
Project("{FAE04EC0-301F-11D3-BF4B-00C04F79EFBC}") = "IRChatbotApplication", "IRChatbotApplication\IRChatbotApplication.csproj", "{3E847E48-9467-41C9-990F-728B55485A53}"
EndProject
Project("{FAE04EC0-301F-11D3-BF4B-00C04F79EFBC}") = "ChatbotLibrary", "..\Libraries\ChatbotLibrary\ChatbotLibrary.csproj", "{321DFE20-95A5-4BBC-B0E2-6000E646749A}"
EndProject
Global
	GlobalSection(SolutionConfigurationPlatforms) = preSolution
		Debug|Any CPU = Debug|Any CPU
		Release|Any CPU = Release|Any CPU
	EndGlobalSection
	GlobalSection(ProjectConfigurationPlatforms) = postSolution
		{3E847E48-9467-41C9-990F-728B55485A53}.Debug|Any CPU.ActiveCfg = Debug|Any CPU
		{3E847E48-9467-41C9-990F-728B55485A53}.Debug|Any CPU.Build.0 = Debug|Any CPU
		{3E847E48-9467-41C9-990F-728B55485A53}.Release|Any CPU.ActiveCfg = Release|Any CPU
		{3E847E48-9467-41C9-990F-728B55485A53}.Release|Any CPU.Build.0 = Release|Any CPU
		{321DFE20-95A5-4BBC-B0E2-6000E646749A}.Debug|Any CPU.ActiveCfg = Debug|Any CPU
		{321DFE20-95A5-4BBC-B0E2-6000E646749A}.Debug|Any CPU.Build.0 = Debug|Any CPU
		{321DFE20-95A5-4BBC-B0E2-6000E646749A}.Release|Any CPU.ActiveCfg = Release|Any CPU
		{321DFE20-95A5-4BBC-B0E2-6000E646749A}.Release|Any CPU.Build.0 = Release|Any CPU
	EndGlobalSection
	GlobalSection(SolutionProperties) = preSolution
		HideSolutionNode = FALSE
	EndGlobalSection
	GlobalSection(ExtensibilityGlobals) = postSolution
		SolutionGuid = {D0FFA3F8-BB3A-4F3D-891C-DA9DD7A4494B}
	EndGlobalSection
EndGlobal
